# THIS IS AN AUTOGENERATED FILE. DO NOT EDIT THIS FILE DIRECTLY.
# yarn lockfile v1


"@angular/core@4.3.6":
  version "4.3.6"
  resolved "https://registry.yarnpkg.com/@angular/core/-/core-4.3.6.tgz#bbac63d68d0f7bcb389d12b34208652be3287e96"
  dependencies:
    tslib "^1.7.1"

"@stomp/stompjs@^3.1.1":
  version "3.1.1"
  resolved "https://registry.yarnpkg.com/@stomp/stompjs/-/stompjs-3.1.1.tgz#a1bf67dd54789887b31e7625384119c930311113"
  optionalDependencies:
    websocket "^1.0.24"

"@types/sockjs-client@^1.0.32":
  version "1.0.32"
  resolved "https://registry.yarnpkg.com/@types/sockjs-client/-/sockjs-client-1.0.32.tgz#de67689a4b653d65a25f32fdb7e20ff13eb14689"

debug@^2.2.0:
  version "2.6.8"
  resolved "https://registry.yarnpkg.com/debug/-/debug-2.6.8.tgz#e731531ca2ede27d188222427da17821d68ff4fc"
  dependencies:
    ms "2.0.0"

is-typedarray@^1.0.0:
  version "1.0.0"
  resolved "https://registry.yarnpkg.com/is-typedarray/-/is-typedarray-1.0.0.tgz#e479c80858df0c1b11ddda6940f96011fcda4a9a"

ms@2.0.0:
  version "2.0.0"
  resolved "https://registry.yarnpkg.com/ms/-/ms-2.0.0.tgz#5608aeadfc00be6c2901df5f9861788de0d597c8"

nan@^2.3.3:
  version "2.7.0"
  resolved "https://registry.yarnpkg.com/nan/-/nan-2.7.0.tgz#d95bf721ec877e08db276ed3fc6eb78f9083ad46"

rxjs@^5.4.3:
  version "5.4.3"
  resolved "https://registry.yarnpkg.com/rxjs/-/rxjs-5.4.3.tgz#0758cddee6033d68e0fd53676f0f3596ce3d483f"
  dependencies:
    symbol-observable "^1.0.1"

symbol-observable@^1.0.1:
  version "1.0.4"
  resolved "https://registry.yarnpkg.com/symbol-observable/-/symbol-observable-1.0.4.tgz#29bf615d4aa7121bdd898b22d4b3f9bc4e2aa03d"

tslib@^1.7.1:
  version "1.7.1"
  resolved "https://registry.yarnpkg.com/tslib/-/tslib-1.7.1.tgz#bc8004164691923a79fe8378bbeb3da2017538ec"

typedarray-to-buffer@^3.1.2:
  version "3.1.2"
  resolved "https://registry.yarnpkg.com/typedarray-to-buffer/-/typedarray-to-buffer-3.1.2.tgz#1017b32d984ff556eba100f501589aba1ace2e04"
  dependencies:
    is-typedarray "^1.0.0"

typescript@2.4.1:
  version "2.4.1"
  resolved "https://registry.yarnpkg.com/typescript/-/typescript-2.4.1.tgz#c3ccb16ddaa0b2314de031e7e6fee89e5ba346bc"

websocket@^1.0.24:
  version "1.0.24"
  resolved "https://registry.yarnpkg.com/websocket/-/websocket-1.0.24.tgz#74903e75f2545b6b2e1de1425bc1c905917a1890"
  dependencies:
    debug "^2.2.0"
    nan "^2.3.3"
    typedarray-to-buffer "^3.1.2"
    yaeti "^0.0.6"

yaeti@^0.0.6:
  version "0.0.6"
  resolved "https://registry.yarnpkg.com/yaeti/-/yaeti-0.0.6.tgz#f26f484d72684cf42bedfb76970aa1608fbf9577"

zone.js@^0.8.17:
  version "0.8.17"
  resolved "https://registry.yarnpkg.com/zone.js/-/zone.js-0.8.17.tgz#4c5e5185a857da8da793daf3919371c5a36b2a0b"
